
Microsoft Visual Studio Solution File, Format Version 12.00
# Visual Studio Version 16
VisualStudioVersion = 16.0.31702.278
MinimumVisualStudioVersion = 10.0.40219.1
Project("{FAE04EC0-301F-11D3-BF4B-00C04F79EFBC}") = "Prague Parking", "Prague Parking\Prague Parking.csproj", "{47EBB2F6-56CD-4419-BF59-4A5D48350E39}"
EndProject
Global
	GlobalSection(SolutionConfigurationPlatforms) = preSolution
		Debug|Any CPU = Debug|Any CPU
		Release|Any CPU = Release|Any CPU
	EndGlobalSection
	GlobalSection(ProjectConfigurationPlatforms) = postSolution
		{47EBB2F6-56CD-4419-BF59-4A5D48350E39}.Debug|Any CPU.ActiveCfg = Debug|Any CPU
		{47EBB2F6-56CD-4419-BF59-4A5D48350E39}.Debug|Any CPU.Build.0 = Debug|Any CPU
		{47EBB2F6-56CD-4419-BF59-4A5D48350E39}.Release|Any CPU.ActiveCfg = Release|Any CPU
		{47EBB2F6-56CD-4419-BF59-4A5D48350E39}.Release|Any CPU.Build.0 = Release|Any CPU
	EndGlobalSection
	GlobalSection(SolutionProperties) = preSolution
		HideSolutionNode = FALSE
	EndGlobalSection
	GlobalSection(ExtensibilityGlobals) = postSolution
		SolutionGuid = {E7B8E1A2-9666-4CAC-8618-1B194EF05E0A}
	EndGlobalSection
EndGlobal
